
Microsoft Visual Studio Solution File, Format Version 12.00
# Visual Studio Version 17
VisualStudioVersion = 17.4.33205.214
MinimumVisualStudioVersion = 10.0.40219.1
Project("{9A19103F-16F7-4668-BE54-9A1E7A4F7556}") = "CashRegistrer", "CashRegistrer\CashRegistrer.csproj", "{16A9D632-2FED-4140-A5C0-1384C2E7F9F4}"
EndProject
Project("{FAE04EC0-301F-11D3-BF4B-00C04F79EFBC}") = "CashRegister.Tests", "CashRegister.Tests\CashRegister.Tests.csproj", "{BE48A55F-9D5D-49FE-8746-63A733CD2B00}"
EndProject
Global
	GlobalSection(SolutionConfigurationPlatforms) = preSolution
		Debug|Any CPU = Debug|Any CPU
		Release|Any CPU = Release|Any CPU
	EndGlobalSection
	GlobalSection(ProjectConfigurationPlatforms) = postSolution
		{16A9D632-2FED-4140-A5C0-1384C2E7F9F4}.Debug|Any CPU.ActiveCfg = Debug|Any CPU
		{16A9D632-2FED-4140-A5C0-1384C2E7F9F4}.Debug|Any CPU.Build.0 = Debug|Any CPU
		{16A9D632-2FED-4140-A5C0-1384C2E7F9F4}.Release|Any CPU.ActiveCfg = Release|Any CPU
		{16A9D632-2FED-4140-A5C0-1384C2E7F9F4}.Release|Any CPU.Build.0 = Release|Any CPU
		{BE48A55F-9D5D-49FE-8746-63A733CD2B00}.Debug|Any CPU.ActiveCfg = Debug|Any CPU
		{BE48A55F-9D5D-49FE-8746-63A733CD2B00}.Debug|Any CPU.Build.0 = Debug|Any CPU
		{BE48A55F-9D5D-49FE-8746-63A733CD2B00}.Release|Any CPU.ActiveCfg = Release|Any CPU
		{BE48A55F-9D5D-49FE-8746-63A733CD2B00}.Release|Any CPU.Build.0 = Release|Any CPU
	EndGlobalSection
	GlobalSection(SolutionProperties) = preSolution
		HideSolutionNode = FALSE
	EndGlobalSection
	GlobalSection(ExtensibilityGlobals) = postSolution
		SolutionGuid = {BE444923-CF55-4287-9358-7DCD29578148}
	EndGlobalSection
EndGlobal
